
Microsoft Visual Studio Solution File, Format Version 12.00
Project("{FAE04EC0-301F-11D3-BF4B-00C04F79EFBC}") = "client", "client\client.csproj", "{DEBF4564-6D35-4503-B0FD-AE84FB49612A}"
EndProject
Project("{FAE04EC0-301F-11D3-BF4B-00C04F79EFBC}") = "calc_server", "calc_server\calc_server.csproj", "{F60B495F-AF4D-4FD1-AC25-70386FE74046}"
EndProject
Global
	GlobalSection(SolutionConfigurationPlatforms) = preSolution
		Debug|Any CPU = Debug|Any CPU
		Release|Any CPU = Release|Any CPU
	EndGlobalSection
	GlobalSection(ProjectConfigurationPlatforms) = postSolution
		{DEBF4564-6D35-4503-B0FD-AE84FB49612A}.Debug|Any CPU.ActiveCfg = Debug|Any CPU
		{DEBF4564-6D35-4503-B0FD-AE84FB49612A}.Debug|Any CPU.Build.0 = Debug|Any CPU
		{DEBF4564-6D35-4503-B0FD-AE84FB49612A}.Release|Any CPU.ActiveCfg = Release|Any CPU
		{DEBF4564-6D35-4503-B0FD-AE84FB49612A}.Release|Any CPU.Build.0 = Release|Any CPU
		{F60B495F-AF4D-4FD1-AC25-70386FE74046}.Debug|Any CPU.ActiveCfg = Debug|Any CPU
		{F60B495F-AF4D-4FD1-AC25-70386FE74046}.Debug|Any CPU.Build.0 = Debug|Any CPU
		{F60B495F-AF4D-4FD1-AC25-70386FE74046}.Release|Any CPU.ActiveCfg = Release|Any CPU
		{F60B495F-AF4D-4FD1-AC25-70386FE74046}.Release|Any CPU.Build.0 = Release|Any CPU
	EndGlobalSection
EndGlobal
